
Microsoft Visual Studio Solution File, Format Version 12.00
# Visual Studio 14
VisualStudioVersion = 14.0.22310.1
MinimumVisualStudioVersion = 10.0.40219.1
Project("{2150E333-8FDC-42A3-9474-1A3956D46DE8}") = ".nuget", ".nuget", "{F2918CC0-EF9A-4A64-8D9E-E420DFD5D023}"
	ProjectSection(SolutionItems) = preProject
		.nuget\NuGet.Config = .nuget\NuGet.Config
		.nuget\NuGet.exe = .nuget\NuGet.exe
	EndProjectSection
EndProject
Project("{2150E333-8FDC-42A3-9474-1A3956D46DE8}") = "_Tests", "_Tests", "{DD74F1E2-E362-4384-A57C-C95F40ABFBA4}"
EndProject
Project("{FAE04EC0-301F-11D3-BF4B-00C04F79EFBC}") = "VirtualSales.Core.iOS.Tests", "VirtualSales.Core.iOS.Tests\VirtualSales.Core.iOS.Tests.csproj", "{ADF61E2D-F6C7-4CE0-8F67-3EC793D3ECDA}"
EndProject
Project("{FAE04EC0-301F-11D3-BF4B-00C04F79EFBC}") = "VirtualSales.Core.Tests", "VirtualSales.Core.Tests\VirtualSales.Core.Tests.csproj", "{55F2675C-5721-40DC-A736-DC2DBB6DE5D6}"
EndProject
Project("{2150E333-8FDC-42A3-9474-1A3956D46DE8}") = "Clients", "Clients", "{E4C393A1-451F-407B-BB24-D120DA55AD11}"
EndProject
Project("{FAE04EC0-301F-11D3-BF4B-00C04F79EFBC}") = "VirtualSales.Wpf.Agent", "VirtualSales.Wpf.Agent\VirtualSales.Wpf.Agent.csproj", "{D5B2991A-A702-4E11-A253-7C6E64FF343C}"
EndProject
Project("{FAE04EC0-301F-11D3-BF4B-00C04F79EFBC}") = "VirtualSales.Core", "VirtualSales.Core\VirtualSales.Core.csproj", "{C6ACD8AE-C56D-4D5F-B510-350AEA4CE5F7}"
EndProject
Project("{FAE04EC0-301F-11D3-BF4B-00C04F79EFBC}") = "VirtualSales.iOS.Agent", "VirtualSales.iOS.Agent\VirtualSales.iOS.Agent.csproj", "{09AE6F66-4E28-40B6-AA1D-80C77DB57C2D}"
EndProject
Project("{FAE04EC0-301F-11D3-BF4B-00C04F79EFBC}") = "VirtualSales.Wpf.Common", "VirtualSales.Wpf.Common\VirtualSales.Wpf.Common.csproj", "{FBA2C529-B3DF-43C8-9DD1-7E87CF29B589}"
EndProject
Project("{FAE04EC0-301F-11D3-BF4B-00C04F79EFBC}") = "VirtualSales.Wpf.Client", "VirtualSales.Wpf.Client\VirtualSales.Wpf.Client.csproj", "{66293663-3718-45F0-ABD6-5A0BC89D291B}"
EndProject
Project("{FAE04EC0-301F-11D3-BF4B-00C04F79EFBC}") = "VirtualSales.iOS.Common", "VirtualSales.iOS.Common\VirtualSales.iOS.Common.csproj", "{0EB89A16-9850-472F-B3D7-D04491B87B9D}"
EndProject
Project("{FAE04EC0-301F-11D3-BF4B-00C04F79EFBC}") = "VirtualSales.iOS.Client", "VirtualSales.iOS.Client\VirtualSales.iOS.Client.csproj", "{E1465544-5996-42AF-BFBA-6BE6C07F16E5}"
EndProject
Project("{2150E333-8FDC-42A3-9474-1A3956D46DE8}") = "Server", "Server", "{3695C4D8-7CD4-4B67-A442-51FD036D2B78}"
EndProject
Project("{FAE04EC0-301F-11D3-BF4B-00C04F79EFBC}") = "VirtualSales.Models", "VirtualSales.Models\VirtualSales.Models.csproj", "{F54FDBAB-15AB-443C-9C86-998CCB96B98D}"
EndProject
Project("{2150E333-8FDC-42A3-9474-1A3956D46DE8}") = "Solution Items", "Solution Items", "{C9BCD14D-82C5-4DA8-BAB3-06359CD89313}"
	ProjectSection(SolutionItems) = preProject
		Structure.dgml = Structure.dgml
	EndProjectSection
EndProject
Project("{FAE04EC0-301F-11D3-BF4B-00C04F79EFBC}") = "VirtualSales.Web", "VirtualSales.Web\VirtualSales.Web.csproj", "{7D8BFC09-8DEE-4AAD-A88F-F0CC006823AC}"
EndProject
Project("{2150E333-8FDC-42A3-9474-1A3956D46DE8}") = "MonoKit", "MonoKit", "{6937C9B1-B3CA-4AB0-B0BA-3AD718F9B5AA}"
	ProjectSection(SolutionItems) = preProject
		README.txt = README.txt
	EndProjectSection
EndProject
Project("{FAE04EC0-301F-11D3-BF4B-00C04F79EFBC}") = "MonoKit", "MonoKit\MonoKit.csproj", "{7BA35695-77B9-4237-AE28-396B0E5DDF7F}"
EndProject
Project("{FAE04EC0-301F-11D3-BF4B-00C04F79EFBC}") = "MonoKit.iOS", "MonoKit.iOS\MonoKit.iOS.csproj", "{ABE22D63-B716-4C58-9A59-5915F47968D4}"
EndProject
Project("{2150E333-8FDC-42A3-9474-1A3956D46DE8}") = "iOS", "iOS", "{F630072A-3380-4D90-B221-3A47496597E8}"
EndProject
Project("{2150E333-8FDC-42A3-9474-1A3956D46DE8}") = "WPF", "WPF", "{725320F7-FC58-42E4-B79A-922F3FCDF922}"
EndProject
Global
	GlobalSection(SolutionConfigurationPlatforms) = preSolution
		Ad-Hoc|Any CPU = Ad-Hoc|Any CPU
		Ad-Hoc|CI-Build = Ad-Hoc|CI-Build
		Ad-Hoc|iPhone = Ad-Hoc|iPhone
		Ad-Hoc|iPhoneSimulator = Ad-Hoc|iPhoneSimulator
		Ad-Hoc|Mixed Platforms = Ad-Hoc|Mixed Platforms
		AppStore|Any CPU = AppStore|Any CPU
		AppStore|CI-Build = AppStore|CI-Build
		AppStore|iPhone = AppStore|iPhone
		AppStore|iPhoneSimulator = AppStore|iPhoneSimulator
		AppStore|Mixed Platforms = AppStore|Mixed Platforms
		Debug|Any CPU = Debug|Any CPU
		Debug|CI-Build = Debug|CI-Build
		Debug|iPhone = Debug|iPhone
		Debug|iPhoneSimulator = Debug|iPhoneSimulator
		Debug|Mixed Platforms = Debug|Mixed Platforms
		Release|Any CPU = Release|Any CPU
		Release|CI-Build = Release|CI-Build
		Release|iPhone = Release|iPhone
		Release|iPhoneSimulator = Release|iPhoneSimulator
		Release|Mixed Platforms = Release|Mixed Platforms
	EndGlobalSection
	GlobalSection(ProjectConfigurationPlatforms) = postSolution
		{ADF61E2D-F6C7-4CE0-8F67-3EC793D3ECDA}.Ad-Hoc|Any CPU.ActiveCfg = Ad-Hoc|iPhoneSimulator
		{ADF61E2D-F6C7-4CE0-8F67-3EC793D3ECDA}.Ad-Hoc|CI-Build.ActiveCfg = Ad-Hoc|iPhone
		{ADF61E2D-F6C7-4CE0-8F67-3EC793D3ECDA}.Ad-Hoc|CI-Build.Build.0 = Ad-Hoc|iPhone
		{ADF61E2D-F6C7-4CE0-8F67-3EC793D3ECDA}.Ad-Hoc|CI-Build.Deploy.0 = Ad-Hoc|iPhone
		{ADF61E2D-F6C7-4CE0-8F67-3EC793D3ECDA}.Ad-Hoc|iPhone.ActiveCfg = Ad-Hoc|iPhone
		{ADF61E2D-F6C7-4CE0-8F67-3EC793D3ECDA}.Ad-Hoc|iPhone.Build.0 = Ad-Hoc|iPhone
		{ADF61E2D-F6C7-4CE0-8F67-3EC793D3ECDA}.Ad-Hoc|iPhone.Deploy.0 = Ad-Hoc|iPhone
		{ADF61E2D-F6C7-4CE0-8F67-3EC793D3ECDA}.Ad-Hoc|iPhoneSimulator.ActiveCfg = Ad-Hoc|iPhoneSimulator
		{ADF61E2D-F6C7-4CE0-8F67-3EC793D3ECDA}.Ad-Hoc|iPhoneSimulator.Build.0 = Ad-Hoc|iPhoneSimulator
		{ADF61E2D-F6C7-4CE0-8F67-3EC793D3ECDA}.Ad-Hoc|iPhoneSimulator.Deploy.0 = Ad-Hoc|iPhoneSimulator
		{ADF61E2D-F6C7-4CE0-8F67-3EC793D3ECDA}.Ad-Hoc|Mixed Platforms.ActiveCfg = Ad-Hoc|iPhone
		{ADF61E2D-F6C7-4CE0-8F67-3EC793D3ECDA}.Ad-Hoc|Mixed Platforms.Build.0 = Ad-Hoc|iPhone
		{ADF61E2D-F6C7-4CE0-8F67-3EC793D3ECDA}.Ad-Hoc|Mixed Platforms.Deploy.0 = Ad-Hoc|iPhone
		{ADF61E2D-F6C7-4CE0-8F67-3EC793D3ECDA}.AppStore|Any CPU.ActiveCfg = AppStore|iPhoneSimulator
		{ADF61E2D-F6C7-4CE0-8F67-3EC793D3ECDA}.AppStore|CI-Build.ActiveCfg = AppStore|iPhone
		{ADF61E2D-F6C7-4CE0-8F67-3EC793D3ECDA}.AppStore|CI-Build.Build.0 = AppStore|iPhone
		{ADF61E2D-F6C7-4CE0-8F67-3EC793D3ECDA}.AppStore|CI-Build.Deploy.0 = AppStore|iPhone
		{ADF61E2D-F6C7-4CE0-8F67-3EC793D3ECDA}.AppStore|iPhone.ActiveCfg = AppStore|iPhone
		{ADF61E2D-F6C7-4CE0-8F67-3EC793D3ECDA}.AppStore|iPhone.Build.0 = AppStore|iPhone
		{ADF61E2D-F6C7-4CE0-8F67-3EC793D3ECDA}.AppStore|iPhone.Deploy.0 = AppStore|iPhone
		{ADF61E2D-F6C7-4CE0-8F67-3EC793D3ECDA}.AppStore|iPhoneSimulator.ActiveCfg = AppStore|iPhoneSimulator
		{ADF61E2D-F6C7-4CE0-8F67-3EC793D3ECDA}.AppStore|iPhoneSimulator.Build.0 = AppStore|iPhoneSimulator
		{ADF61E2D-F6C7-4CE0-8F67-3EC793D3ECDA}.AppStore|iPhoneSimulator.Deploy.0 = AppStore|iPhoneSimulator
		{ADF61E2D-F6C7-4CE0-8F67-3EC793D3ECDA}.AppStore|Mixed Platforms.ActiveCfg = AppStore|iPhone
		{ADF61E2D-F6C7-4CE0-8F67-3EC793D3ECDA}.AppStore|Mixed Platforms.Build.0 = AppStore|iPhone
		{ADF61E2D-F6C7-4CE0-8F67-3EC793D3ECDA}.AppStore|Mixed Platforms.Deploy.0 = AppStore|iPhone
		{ADF61E2D-F6C7-4CE0-8F67-3EC793D3ECDA}.Debug|Any CPU.ActiveCfg = Debug|iPhoneSimulator
		{ADF61E2D-F6C7-4CE0-8F67-3EC793D3ECDA}.Debug|Any CPU.Build.0 = Debug|iPhoneSimulator
		{ADF61E2D-F6C7-4CE0-8F67-3EC793D3ECDA}.Debug|Any CPU.Deploy.0 = Debug|iPhoneSimulator
		{ADF61E2D-F6C7-4CE0-8F67-3EC793D3ECDA}.Debug|CI-Build.ActiveCfg = Debug|iPhoneSimulator
		{ADF61E2D-F6C7-4CE0-8F67-3EC793D3ECDA}.Debug|iPhone.ActiveCfg = Debug|iPhone
		{ADF61E2D-F6C7-4CE0-8F67-3EC793D3ECDA}.Debug|iPhone.Build.0 = Debug|iPhone
		{ADF61E2D-F6C7-4CE0-8F67-3EC793D3ECDA}.Debug|iPhone.Deploy.0 = Debug|iPhone
		{ADF61E2D-F6C7-4CE0-8F67-3EC793D3ECDA}.Debug|iPhoneSimulator.ActiveCfg = Debug|iPhoneSimulator
		{ADF61E2D-F6C7-4CE0-8F67-3EC793D3ECDA}.Debug|iPhoneSimulator.Build.0 = Debug|iPhoneSimulator
		{ADF61E2D-F6C7-4CE0-8F67-3EC793D3ECDA}.Debug|iPhoneSimulator.Deploy.0 = Debug|iPhoneSimulator
		{ADF61E2D-F6C7-4CE0-8F67-3EC793D3ECDA}.Debug|Mixed Platforms.ActiveCfg = Debug|iPhoneSimulator
		{ADF61E2D-F6C7-4CE0-8F67-3EC793D3ECDA}.Debug|Mixed Platforms.Build.0 = Debug|iPhoneSimulator
		{ADF61E2D-F6C7-4CE0-8F67-3EC793D3ECDA}.Debug|Mixed Platforms.Deploy.0 = Debug|iPhoneSimulator
		{ADF61E2D-F6C7-4CE0-8F67-3EC793D3ECDA}.Release|Any CPU.ActiveCfg = Release|iPhoneSimulator
		{ADF61E2D-F6C7-4CE0-8F67-3EC793D3ECDA}.Release|Any CPU.Build.0 = Release|iPhoneSimulator
		{ADF61E2D-F6C7-4CE0-8F67-3EC793D3ECDA}.Release|CI-Build.ActiveCfg = Release|iPhone
		{ADF61E2D-F6C7-4CE0-8F67-3EC793D3ECDA}.Release|iPhone.ActiveCfg = Release|iPhone
		{ADF61E2D-F6C7-4CE0-8F67-3EC793D3ECDA}.Release|iPhone.Build.0 = Release|iPhone
		{ADF61E2D-F6C7-4CE0-8F67-3EC793D3ECDA}.Release|iPhone.Deploy.0 = Release|iPhone
		{ADF61E2D-F6C7-4CE0-8F67-3EC793D3ECDA}.Release|iPhoneSimulator.ActiveCfg = Release|iPhoneSimulator
		{ADF61E2D-F6C7-4CE0-8F67-3EC793D3ECDA}.Release|iPhoneSimulator.Build.0 = Release|iPhoneSimulator
		{ADF61E2D-F6C7-4CE0-8F67-3EC793D3ECDA}.Release|iPhoneSimulator.Deploy.0 = Release|iPhoneSimulator
		{ADF61E2D-F6C7-4CE0-8F67-3EC793D3ECDA}.Release|Mixed Platforms.ActiveCfg = Release|iPhone
		{ADF61E2D-F6C7-4CE0-8F67-3EC793D3ECDA}.Release|Mixed Platforms.Build.0 = Release|iPhone
		{ADF61E2D-F6C7-4CE0-8F67-3EC793D3ECDA}.Release|Mixed Platforms.Deploy.0 = Release|iPhone
		{55F2675C-5721-40DC-A736-DC2DBB6DE5D6}.Ad-Hoc|Any CPU.ActiveCfg = Debug|Any CPU
		{55F2675C-5721-40DC-A736-DC2DBB6DE5D6}.Ad-Hoc|Any CPU.Build.0 = Debug|Any CPU
		{55F2675C-5721-40DC-A736-DC2DBB6DE5D6}.Ad-Hoc|CI-Build.ActiveCfg = Release|Any CPU
		{55F2675C-5721-40DC-A736-DC2DBB6DE5D6}.Ad-Hoc|CI-Build.Build.0 = Release|Any CPU
		{55F2675C-5721-40DC-A736-DC2DBB6DE5D6}.Ad-Hoc|iPhone.ActiveCfg = Release|Any CPU
		{55F2675C-5721-40DC-A736-DC2DBB6DE5D6}.Ad-Hoc|iPhoneSimulator.ActiveCfg = Release|Any CPU
		{55F2675C-5721-40DC-A736-DC2DBB6DE5D6}.Ad-Hoc|Mixed Platforms.ActiveCfg = Release|Any CPU
		{55F2675C-5721-40DC-A736-DC2DBB6DE5D6}.Ad-Hoc|Mixed Platforms.Build.0 = Release|Any CPU
		{55F2675C-5721-40DC-A736-DC2DBB6DE5D6}.AppStore|Any CPU.ActiveCfg = Debug|Any CPU
		{55F2675C-5721-40DC-A736-DC2DBB6DE5D6}.AppStore|Any CPU.Build.0 = Debug|Any CPU
		{55F2675C-5721-40DC-A736-DC2DBB6DE5D6}.AppStore|CI-Build.ActiveCfg = Release|Any CPU
		{55F2675C-5721-40DC-A736-DC2DBB6DE5D6}.AppStore|CI-Build.Build.0 = Release|Any CPU
		{55F2675C-5721-40DC-A736-DC2DBB6DE5D6}.AppStore|iPhone.ActiveCfg = Release|Any CPU
		{55F2675C-5721-40DC-A736-DC2DBB6DE5D6}.AppStore|iPhoneSimulator.ActiveCfg = Release|Any CPU
		{55F2675C-5721-40DC-A736-DC2DBB6DE5D6}.AppStore|Mixed Platforms.ActiveCfg = Release|Any CPU
		{55F2675C-5721-40DC-A736-DC2DBB6DE5D6}.AppStore|Mixed Platforms.Build.0 = Release|Any CPU
		{55F2675C-5721-40DC-A736-DC2DBB6DE5D6}.Debug|Any CPU.ActiveCfg = Debug|Any CPU
		{55F2675C-5721-40DC-A736-DC2DBB6DE5D6}.Debug|Any CPU.Build.0 = Debug|Any CPU
		{55F2675C-5721-40DC-A736-DC2DBB6DE5D6}.Debug|CI-Build.ActiveCfg = Debug|Any CPU
		{55F2675C-5721-40DC-A736-DC2DBB6DE5D6}.Debug|CI-Build.Build.0 = Debug|Any CPU
		{55F2675C-5721-40DC-A736-DC2DBB6DE5D6}.Debug|iPhone.ActiveCfg = Debug|Any CPU
		{55F2675C-5721-40DC-A736-DC2DBB6DE5D6}.Debug|iPhoneSimulator.ActiveCfg = Debug|Any CPU
		{55F2675C-5721-40DC-A736-DC2DBB6DE5D6}.Debug|Mixed Platforms.ActiveCfg = Debug|Any CPU
		{55F2675C-5721-40DC-A736-DC2DBB6DE5D6}.Debug|Mixed Platforms.Build.0 = Debug|Any CPU
		{55F2675C-5721-40DC-A736-DC2DBB6DE5D6}.Release|Any CPU.ActiveCfg = Release|Any CPU
		{55F2675C-5721-40DC-A736-DC2DBB6DE5D6}.Release|Any CPU.Build.0 = Release|Any CPU
		{55F2675C-5721-40DC-A736-DC2DBB6DE5D6}.Release|CI-Build.ActiveCfg = Release|Any CPU
		{55F2675C-5721-40DC-A736-DC2DBB6DE5D6}.Release|CI-Build.Build.0 = Release|Any CPU
		{55F2675C-5721-40DC-A736-DC2DBB6DE5D6}.Release|iPhone.ActiveCfg = Release|Any CPU
		{55F2675C-5721-40DC-A736-DC2DBB6DE5D6}.Release|iPhoneSimulator.ActiveCfg = Release|Any CPU
		{55F2675C-5721-40DC-A736-DC2DBB6DE5D6}.Release|Mixed Platforms.ActiveCfg = Release|Any CPU
		{55F2675C-5721-40DC-A736-DC2DBB6DE5D6}.Release|Mixed Platforms.Build.0 = Release|Any CPU
		{D5B2991A-A702-4E11-A253-7C6E64FF343C}.Ad-Hoc|Any CPU.ActiveCfg = Debug|Any CPU
		{D5B2991A-A702-4E11-A253-7C6E64FF343C}.Ad-Hoc|Any CPU.Build.0 = Debug|Any CPU
		{D5B2991A-A702-4E11-A253-7C6E64FF343C}.Ad-Hoc|CI-Build.ActiveCfg = Release|Any CPU
		{D5B2991A-A702-4E11-A253-7C6E64FF343C}.Ad-Hoc|CI-Build.Build.0 = Release|Any CPU
		{D5B2991A-A702-4E11-A253-7C6E64FF343C}.Ad-Hoc|iPhone.ActiveCfg = Release|Any CPU
		{D5B2991A-A702-4E11-A253-7C6E64FF343C}.Ad-Hoc|iPhoneSimulator.ActiveCfg = Release|Any CPU
		{D5B2991A-A702-4E11-A253-7C6E64FF343C}.Ad-Hoc|Mixed Platforms.ActiveCfg = Release|Any CPU
		{D5B2991A-A702-4E11-A253-7C6E64FF343C}.Ad-Hoc|Mixed Platforms.Build.0 = Release|Any CPU
		{D5B2991A-A702-4E11-A253-7C6E64FF343C}.AppStore|Any CPU.ActiveCfg = Debug|Any CPU
		{D5B2991A-A702-4E11-A253-7C6E64FF343C}.AppStore|Any CPU.Build.0 = Debug|Any CPU
		{D5B2991A-A702-4E11-A253-7C6E64FF343C}.AppStore|CI-Build.ActiveCfg = Release|Any CPU
		{D5B2991A-A702-4E11-A253-7C6E64FF343C}.AppStore|CI-Build.Build.0 = Release|Any CPU
		{D5B2991A-A702-4E11-A253-7C6E64FF343C}.AppStore|iPhone.ActiveCfg = Release|Any CPU
		{D5B2991A-A702-4E11-A253-7C6E64FF343C}.AppStore|iPhoneSimulator.ActiveCfg = Release|Any CPU
		{D5B2991A-A702-4E11-A253-7C6E64FF343C}.AppStore|Mixed Platforms.ActiveCfg = Release|Any CPU
		{D5B2991A-A702-4E11-A253-7C6E64FF343C}.AppStore|Mixed Platforms.Build.0 = Release|Any CPU
		{D5B2991A-A702-4E11-A253-7C6E64FF343C}.Debug|Any CPU.ActiveCfg = Debug|Any CPU
		{D5B2991A-A702-4E11-A253-7C6E64FF343C}.Debug|Any CPU.Build.0 = Debug|Any CPU
		{D5B2991A-A702-4E11-A253-7C6E64FF343C}.Debug|CI-Build.ActiveCfg = Debug|Any CPU
		{D5B2991A-A702-4E11-A253-7C6E64FF343C}.Debug|CI-Build.Build.0 = Debug|Any CPU
		{D5B2991A-A702-4E11-A253-7C6E64FF343C}.Debug|iPhone.ActiveCfg = Debug|Any CPU
		{D5B2991A-A702-4E11-A253-7C6E64FF343C}.Debug|iPhoneSimulator.ActiveCfg = Debug|Any CPU
		{D5B2991A-A702-4E11-A253-7C6E64FF343C}.Debug|Mixed Platforms.ActiveCfg = Debug|Any CPU
		{D5B2991A-A702-4E11-A253-7C6E64FF343C}.Debug|Mixed Platforms.Build.0 = Debug|Any CPU
		{D5B2991A-A702-4E11-A253-7C6E64FF343C}.Release|Any CPU.ActiveCfg = Release|Any CPU
		{D5B2991A-A702-4E11-A253-7C6E64FF343C}.Release|Any CPU.Build.0 = Release|Any CPU
		{D5B2991A-A702-4E11-A253-7C6E64FF343C}.Release|CI-Build.ActiveCfg = Release|Any CPU
		{D5B2991A-A702-4E11-A253-7C6E64FF343C}.Release|CI-Build.Build.0 = Release|Any CPU
		{D5B2991A-A702-4E11-A253-7C6E64FF343C}.Release|iPhone.ActiveCfg = Release|Any CPU
		{D5B2991A-A702-4E11-A253-7C6E64FF343C}.Release|iPhoneSimulator.ActiveCfg = Release|Any CPU
		{D5B2991A-A702-4E11-A253-7C6E64FF343C}.Release|Mixed Platforms.ActiveCfg = Release|Any CPU
		{D5B2991A-A702-4E11-A253-7C6E64FF343C}.Release|Mixed Platforms.Build.0 = Release|Any CPU
		{C6ACD8AE-C56D-4D5F-B510-350AEA4CE5F7}.Ad-Hoc|Any CPU.ActiveCfg = Debug|Any CPU
		{C6ACD8AE-C56D-4D5F-B510-350AEA4CE5F7}.Ad-Hoc|Any CPU.Build.0 = Debug|Any CPU
		{C6ACD8AE-C56D-4D5F-B510-350AEA4CE5F7}.Ad-Hoc|CI-Build.ActiveCfg = Release|Any CPU
		{C6ACD8AE-C56D-4D5F-B510-350AEA4CE5F7}.Ad-Hoc|CI-Build.Build.0 = Release|Any CPU
		{C6ACD8AE-C56D-4D5F-B510-350AEA4CE5F7}.Ad-Hoc|iPhone.ActiveCfg = Release|Any CPU
		{C6ACD8AE-C56D-4D5F-B510-350AEA4CE5F7}.Ad-Hoc|iPhone.Build.0 = Release|Any CPU
		{C6ACD8AE-C56D-4D5F-B510-350AEA4CE5F7}.Ad-Hoc|iPhoneSimulator.ActiveCfg = Release|Any CPU
		{C6ACD8AE-C56D-4D5F-B510-350AEA4CE5F7}.Ad-Hoc|iPhoneSimulator.Build.0 = Release|Any CPU
		{C6ACD8AE-C56D-4D5F-B510-350AEA4CE5F7}.Ad-Hoc|Mixed Platforms.ActiveCfg = Release|Any CPU
		{C6ACD8AE-C56D-4D5F-B510-350AEA4CE5F7}.Ad-Hoc|Mixed Platforms.Build.0 = Release|Any CPU
		{C6ACD8AE-C56D-4D5F-B510-350AEA4CE5F7}.AppStore|Any CPU.ActiveCfg = Debug|Any CPU
		{C6ACD8AE-C56D-4D5F-B510-350AEA4CE5F7}.AppStore|Any CPU.Build.0 = Debug|Any CPU
		{C6ACD8AE-C56D-4D5F-B510-350AEA4CE5F7}.AppStore|CI-Build.ActiveCfg = Release|Any CPU
		{C6ACD8AE-C56D-4D5F-B510-350AEA4CE5F7}.AppStore|CI-Build.Build.0 = Release|Any CPU
		{C6ACD8AE-C56D-4D5F-B510-350AEA4CE5F7}.AppStore|iPhone.ActiveCfg = Release|Any CPU
		{C6ACD8AE-C56D-4D5F-B510-350AEA4CE5F7}.AppStore|iPhone.Build.0 = Release|Any CPU
		{C6ACD8AE-C56D-4D5F-B510-350AEA4CE5F7}.AppStore|iPhoneSimulator.ActiveCfg = Release|Any CPU
		{C6ACD8AE-C56D-4D5F-B510-350AEA4CE5F7}.AppStore|iPhoneSimulator.Build.0 = Release|Any CPU
		{C6ACD8AE-C56D-4D5F-B510-350AEA4CE5F7}.AppStore|Mixed Platforms.ActiveCfg = Release|Any CPU
		{C6ACD8AE-C56D-4D5F-B510-350AEA4CE5F7}.AppStore|Mixed Platforms.Build.0 = Release|Any CPU
		{C6ACD8AE-C56D-4D5F-B510-350AEA4CE5F7}.Debug|Any CPU.ActiveCfg = Debug|Any CPU
		{C6ACD8AE-C56D-4D5F-B510-350AEA4CE5F7}.Debug|Any CPU.Build.0 = Debug|Any CPU
		{C6ACD8AE-C56D-4D5F-B510-350AEA4CE5F7}.Debug|CI-Build.ActiveCfg = Debug|Any CPU
		{C6ACD8AE-C56D-4D5F-B510-350AEA4CE5F7}.Debug|CI-Build.Build.0 = Debug|Any CPU
		{C6ACD8AE-C56D-4D5F-B510-350AEA4CE5F7}.Debug|iPhone.ActiveCfg = Debug|Any CPU
		{C6ACD8AE-C56D-4D5F-B510-350AEA4CE5F7}.Debug|iPhone.Build.0 = Debug|Any CPU
		{C6ACD8AE-C56D-4D5F-B510-350AEA4CE5F7}.Debug|iPhoneSimulator.ActiveCfg = Debug|Any CPU
		{C6ACD8AE-C56D-4D5F-B510-350AEA4CE5F7}.Debug|iPhoneSimulator.Build.0 = Debug|Any CPU
		{C6ACD8AE-C56D-4D5F-B510-350AEA4CE5F7}.Debug|Mixed Platforms.ActiveCfg = Debug|Any CPU
		{C6ACD8AE-C56D-4D5F-B510-350AEA4CE5F7}.Debug|Mixed Platforms.Build.0 = Debug|Any CPU
		{C6ACD8AE-C56D-4D5F-B510-350AEA4CE5F7}.Release|Any CPU.ActiveCfg = Release|Any CPU
		{C6ACD8AE-C56D-4D5F-B510-350AEA4CE5F7}.Release|Any CPU.Build.0 = Release|Any CPU
		{C6ACD8AE-C56D-4D5F-B510-350AEA4CE5F7}.Release|CI-Build.ActiveCfg = Release|Any CPU
		{C6ACD8AE-C56D-4D5F-B510-350AEA4CE5F7}.Release|CI-Build.Build.0 = Release|Any CPU
		{C6ACD8AE-C56D-4D5F-B510-350AEA4CE5F7}.Release|iPhone.ActiveCfg = Release|Any CPU
		{C6ACD8AE-C56D-4D5F-B510-350AEA4CE5F7}.Release|iPhone.Build.0 = Release|Any CPU
		{C6ACD8AE-C56D-4D5F-B510-350AEA4CE5F7}.Release|iPhoneSimulator.ActiveCfg = Release|Any CPU
		{C6ACD8AE-C56D-4D5F-B510-350AEA4CE5F7}.Release|iPhoneSimulator.Build.0 = Release|Any CPU
		{C6ACD8AE-C56D-4D5F-B510-350AEA4CE5F7}.Release|Mixed Platforms.ActiveCfg = Release|Any CPU
		{C6ACD8AE-C56D-4D5F-B510-350AEA4CE5F7}.Release|Mixed Platforms.Build.0 = Release|Any CPU
		{09AE6F66-4E28-40B6-AA1D-80C77DB57C2D}.Ad-Hoc|Any CPU.ActiveCfg = Ad-Hoc|iPhoneSimulator
		{09AE6F66-4E28-40B6-AA1D-80C77DB57C2D}.Ad-Hoc|CI-Build.ActiveCfg = Ad-Hoc|iPhone
		{09AE6F66-4E28-40B6-AA1D-80C77DB57C2D}.Ad-Hoc|iPhone.ActiveCfg = Ad-Hoc|iPhone
		{09AE6F66-4E28-40B6-AA1D-80C77DB57C2D}.Ad-Hoc|iPhone.Build.0 = Ad-Hoc|iPhone
		{09AE6F66-4E28-40B6-AA1D-80C77DB57C2D}.Ad-Hoc|iPhone.Deploy.0 = Ad-Hoc|iPhone
		{09AE6F66-4E28-40B6-AA1D-80C77DB57C2D}.Ad-Hoc|iPhoneSimulator.ActiveCfg = Ad-Hoc|iPhoneSimulator
		{09AE6F66-4E28-40B6-AA1D-80C77DB57C2D}.Ad-Hoc|iPhoneSimulator.Build.0 = Ad-Hoc|iPhoneSimulator
		{09AE6F66-4E28-40B6-AA1D-80C77DB57C2D}.Ad-Hoc|iPhoneSimulator.Deploy.0 = Ad-Hoc|iPhoneSimulator
		{09AE6F66-4E28-40B6-AA1D-80C77DB57C2D}.Ad-Hoc|Mixed Platforms.ActiveCfg = Ad-Hoc|iPhone
		{09AE6F66-4E28-40B6-AA1D-80C77DB57C2D}.Ad-Hoc|Mixed Platforms.Build.0 = Ad-Hoc|iPhone
		{09AE6F66-4E28-40B6-AA1D-80C77DB57C2D}.Ad-Hoc|Mixed Platforms.Deploy.0 = Ad-Hoc|iPhone
		{09AE6F66-4E28-40B6-AA1D-80C77DB57C2D}.AppStore|Any CPU.ActiveCfg = AppStore|iPhoneSimulator
		{09AE6F66-4E28-40B6-AA1D-80C77DB57C2D}.AppStore|CI-Build.ActiveCfg = AppStore|iPhone
		{09AE6F66-4E28-40B6-AA1D-80C77DB57C2D}.AppStore|iPhone.ActiveCfg = AppStore|iPhone
		{09AE6F66-4E28-40B6-AA1D-80C77DB57C2D}.AppStore|iPhone.Build.0 = AppStore|iPhone
		{09AE6F66-4E28-40B6-AA1D-80C77DB57C2D}.AppStore|iPhoneSimulator.ActiveCfg = AppStore|iPhoneSimulator
		{09AE6F66-4E28-40B6-AA1D-80C77DB57C2D}.AppStore|iPhoneSimulator.Build.0 = AppStore|iPhoneSimulator
		{09AE6F66-4E28-40B6-AA1D-80C77DB57C2D}.AppStore|iPhoneSimulator.Deploy.0 = AppStore|iPhoneSimulator
		{09AE6F66-4E28-40B6-AA1D-80C77DB57C2D}.AppStore|Mixed Platforms.ActiveCfg = AppStore|iPhone
		{09AE6F66-4E28-40B6-AA1D-80C77DB57C2D}.AppStore|Mixed Platforms.Build.0 = AppStore|iPhone
		{09AE6F66-4E28-40B6-AA1D-80C77DB57C2D}.AppStore|Mixed Platforms.Deploy.0 = AppStore|iPhone
		{09AE6F66-4E28-40B6-AA1D-80C77DB57C2D}.Debug|Any CPU.ActiveCfg = Debug|iPhoneSimulator
		{09AE6F66-4E28-40B6-AA1D-80C77DB57C2D}.Debug|Any CPU.Build.0 = Debug|iPhoneSimulator
		{09AE6F66-4E28-40B6-AA1D-80C77DB57C2D}.Debug|Any CPU.Deploy.0 = Debug|iPhoneSimulator
		{09AE6F66-4E28-40B6-AA1D-80C77DB57C2D}.Debug|CI-Build.ActiveCfg = Debug|iPhoneSimulator
		{09AE6F66-4E28-40B6-AA1D-80C77DB57C2D}.Debug|iPhone.ActiveCfg = Debug|iPhone
		{09AE6F66-4E28-40B6-AA1D-80C77DB57C2D}.Debug|iPhone.Build.0 = Debug|iPhone
		{09AE6F66-4E28-40B6-AA1D-80C77DB57C2D}.Debug|iPhone.Deploy.0 = Debug|iPhone
		{09AE6F66-4E28-40B6-AA1D-80C77DB57C2D}.Debug|iPhoneSimulator.ActiveCfg = Debug|iPhoneSimulator
		{09AE6F66-4E28-40B6-AA1D-80C77DB57C2D}.Debug|iPhoneSimulator.Build.0 = Debug|iPhoneSimulator
		{09AE6F66-4E28-40B6-AA1D-80C77DB57C2D}.Debug|iPhoneSimulator.Deploy.0 = Debug|iPhoneSimulator
		{09AE6F66-4E28-40B6-AA1D-80C77DB57C2D}.Debug|Mixed Platforms.ActiveCfg = Debug|iPhoneSimulator
		{09AE6F66-4E28-40B6-AA1D-80C77DB57C2D}.Debug|Mixed Platforms.Build.0 = Debug|iPhoneSimulator
		{09AE6F66-4E28-40B6-AA1D-80C77DB57C2D}.Debug|Mixed Platforms.Deploy.0 = Debug|iPhoneSimulator
		{09AE6F66-4E28-40B6-AA1D-80C77DB57C2D}.Release|Any CPU.ActiveCfg = Release|iPhone
		{09AE6F66-4E28-40B6-AA1D-80C77DB57C2D}.Release|CI-Build.ActiveCfg = Release|iPhone
		{09AE6F66-4E28-40B6-AA1D-80C77DB57C2D}.Release|iPhone.ActiveCfg = Release|iPhone
		{09AE6F66-4E28-40B6-AA1D-80C77DB57C2D}.Release|iPhone.Build.0 = Release|iPhone
		{09AE6F66-4E28-40B6-AA1D-80C77DB57C2D}.Release|iPhone.Deploy.0 = Release|iPhone
		{09AE6F66-4E28-40B6-AA1D-80C77DB57C2D}.Release|iPhoneSimulator.ActiveCfg = Release|iPhoneSimulator
		{09AE6F66-4E28-40B6-AA1D-80C77DB57C2D}.Release|iPhoneSimulator.Build.0 = Release|iPhoneSimulator
		{09AE6F66-4E28-40B6-AA1D-80C77DB57C2D}.Release|iPhoneSimulator.Deploy.0 = Release|iPhoneSimulator
		{09AE6F66-4E28-40B6-AA1D-80C77DB57C2D}.Release|Mixed Platforms.ActiveCfg = Release|iPhone
		{09AE6F66-4E28-40B6-AA1D-80C77DB57C2D}.Release|Mixed Platforms.Build.0 = Release|iPhone
		{09AE6F66-4E28-40B6-AA1D-80C77DB57C2D}.Release|Mixed Platforms.Deploy.0 = Release|iPhone
		{FBA2C529-B3DF-43C8-9DD1-7E87CF29B589}.Ad-Hoc|Any CPU.ActiveCfg = Debug|Any CPU
		{FBA2C529-B3DF-43C8-9DD1-7E87CF29B589}.Ad-Hoc|Any CPU.Build.0 = Debug|Any CPU
		{FBA2C529-B3DF-43C8-9DD1-7E87CF29B589}.Ad-Hoc|CI-Build.ActiveCfg = Release|Any CPU
		{FBA2C529-B3DF-43C8-9DD1-7E87CF29B589}.Ad-Hoc|iPhone.ActiveCfg = Release|Any CPU
		{FBA2C529-B3DF-43C8-9DD1-7E87CF29B589}.Ad-Hoc|iPhoneSimulator.ActiveCfg = Release|Any CPU
		{FBA2C529-B3DF-43C8-9DD1-7E87CF29B589}.Ad-Hoc|Mixed Platforms.ActiveCfg = Release|Any CPU
		{FBA2C529-B3DF-43C8-9DD1-7E87CF29B589}.Ad-Hoc|Mixed Platforms.Build.0 = Release|Any CPU
		{FBA2C529-B3DF-43C8-9DD1-7E87CF29B589}.AppStore|Any CPU.ActiveCfg = Debug|Any CPU
		{FBA2C529-B3DF-43C8-9DD1-7E87CF29B589}.AppStore|Any CPU.Build.0 = Debug|Any CPU
		{FBA2C529-B3DF-43C8-9DD1-7E87CF29B589}.AppStore|CI-Build.ActiveCfg = Release|Any CPU
		{FBA2C529-B3DF-43C8-9DD1-7E87CF29B589}.AppStore|iPhone.ActiveCfg = Release|Any CPU
		{FBA2C529-B3DF-43C8-9DD1-7E87CF29B589}.AppStore|iPhoneSimulator.ActiveCfg = Release|Any CPU
		{FBA2C529-B3DF-43C8-9DD1-7E87CF29B589}.AppStore|Mixed Platforms.ActiveCfg = Release|Any CPU
		{FBA2C529-B3DF-43C8-9DD1-7E87CF29B589}.AppStore|Mixed Platforms.Build.0 = Release|Any CPU
		{FBA2C529-B3DF-43C8-9DD1-7E87CF29B589}.Debug|Any CPU.ActiveCfg = Debug|Any CPU
		{FBA2C529-B3DF-43C8-9DD1-7E87CF29B589}.Debug|Any CPU.Build.0 = Debug|Any CPU
		{FBA2C529-B3DF-43C8-9DD1-7E87CF29B589}.Debug|CI-Build.ActiveCfg = Debug|Any CPU
		{FBA2C529-B3DF-43C8-9DD1-7E87CF29B589}.Debug|CI-Build.Build.0 = Debug|Any CPU
		{FBA2C529-B3DF-43C8-9DD1-7E87CF29B589}.Debug|iPhone.ActiveCfg = Debug|Any CPU
		{FBA2C529-B3DF-43C8-9DD1-7E87CF29B589}.Debug|iPhoneSimulator.ActiveCfg = Debug|Any CPU
		{FBA2C529-B3DF-43C8-9DD1-7E87CF29B589}.Debug|Mixed Platforms.ActiveCfg = Debug|Any CPU
		{FBA2C529-B3DF-43C8-9DD1-7E87CF29B589}.Debug|Mixed Platforms.Build.0 = Debug|Any CPU
		{FBA2C529-B3DF-43C8-9DD1-7E87CF29B589}.Release|Any CPU.ActiveCfg = Release|Any CPU
		{FBA2C529-B3DF-43C8-9DD1-7E87CF29B589}.Release|Any CPU.Build.0 = Release|Any CPU
		{FBA2C529-B3DF-43C8-9DD1-7E87CF29B589}.Release|CI-Build.ActiveCfg = Release|Any CPU
		{FBA2C529-B3DF-43C8-9DD1-7E87CF29B589}.Release|CI-Build.Build.0 = Release|Any CPU
		{FBA2C529-B3DF-43C8-9DD1-7E87CF29B589}.Release|iPhone.ActiveCfg = Release|Any CPU
		{FBA2C529-B3DF-43C8-9DD1-7E87CF29B589}.Release|iPhoneSimulator.ActiveCfg = Release|Any CPU
		{FBA2C529-B3DF-43C8-9DD1-7E87CF29B589}.Release|Mixed Platforms.ActiveCfg = Release|Any CPU
		{FBA2C529-B3DF-43C8-9DD1-7E87CF29B589}.Release|Mixed Platforms.Build.0 = Release|Any CPU
		{66293663-3718-45F0-ABD6-5A0BC89D291B}.Ad-Hoc|Any CPU.ActiveCfg = Debug|Any CPU
		{66293663-3718-45F0-ABD6-5A0BC89D291B}.Ad-Hoc|Any CPU.Build.0 = Debug|Any CPU
		{66293663-3718-45F0-ABD6-5A0BC89D291B}.Ad-Hoc|CI-Build.ActiveCfg = Release|Any CPU
		{66293663-3718-45F0-ABD6-5A0BC89D291B}.Ad-Hoc|iPhone.ActiveCfg = Release|Any CPU
		{66293663-3718-45F0-ABD6-5A0BC89D291B}.Ad-Hoc|iPhoneSimulator.ActiveCfg = Release|Any CPU
		{66293663-3718-45F0-ABD6-5A0BC89D291B}.Ad-Hoc|Mixed Platforms.ActiveCfg = Release|Any CPU
		{66293663-3718-45F0-ABD6-5A0BC89D291B}.Ad-Hoc|Mixed Platforms.Build.0 = Release|Any CPU
		{66293663-3718-45F0-ABD6-5A0BC89D291B}.AppStore|Any CPU.ActiveCfg = Debug|Any CPU
		{66293663-3718-45F0-ABD6-5A0BC89D291B}.AppStore|Any CPU.Build.0 = Debug|Any CPU
		{66293663-3718-45F0-ABD6-5A0BC89D291B}.AppStore|CI-Build.ActiveCfg = Release|Any CPU
		{66293663-3718-45F0-ABD6-5A0BC89D291B}.AppStore|iPhone.ActiveCfg = Release|Any CPU
		{66293663-3718-45F0-ABD6-5A0BC89D291B}.AppStore|iPhoneSimulator.ActiveCfg = Release|Any CPU
		{66293663-3718-45F0-ABD6-5A0BC89D291B}.AppStore|Mixed Platforms.ActiveCfg = Release|Any CPU
		{66293663-3718-45F0-ABD6-5A0BC89D291B}.AppStore|Mixed Platforms.Build.0 = Release|Any CPU
		{66293663-3718-45F0-ABD6-5A0BC89D291B}.Debug|Any CPU.ActiveCfg = Debug|Any CPU
		{66293663-3718-45F0-ABD6-5A0BC89D291B}.Debug|Any CPU.Build.0 = Debug|Any CPU
		{66293663-3718-45F0-ABD6-5A0BC89D291B}.Debug|CI-Build.ActiveCfg = Debug|Any CPU
		{66293663-3718-45F0-ABD6-5A0BC89D291B}.Debug|CI-Build.Build.0 = Debug|Any CPU
		{66293663-3718-45F0-ABD6-5A0BC89D291B}.Debug|iPhone.ActiveCfg = Debug|Any CPU
		{66293663-3718-45F0-ABD6-5A0BC89D291B}.Debug|iPhoneSimulator.ActiveCfg = Debug|Any CPU
		{66293663-3718-45F0-ABD6-5A0BC89D291B}.Debug|Mixed Platforms.ActiveCfg = Debug|Any CPU
		{66293663-3718-45F0-ABD6-5A0BC89D291B}.Debug|Mixed Platforms.Build.0 = Debug|Any CPU
		{66293663-3718-45F0-ABD6-5A0BC89D291B}.Release|Any CPU.ActiveCfg = Release|Any CPU
		{66293663-3718-45F0-ABD6-5A0BC89D291B}.Release|Any CPU.Build.0 = Release|Any CPU
		{66293663-3718-45F0-ABD6-5A0BC89D291B}.Release|CI-Build.ActiveCfg = Release|Any CPU
		{66293663-3718-45F0-ABD6-5A0BC89D291B}.Release|CI-Build.Build.0 = Release|Any CPU
		{66293663-3718-45F0-ABD6-5A0BC89D291B}.Release|iPhone.ActiveCfg = Release|Any CPU
		{66293663-3718-45F0-ABD6-5A0BC89D291B}.Release|iPhoneSimulator.ActiveCfg = Release|Any CPU
		{66293663-3718-45F0-ABD6-5A0BC89D291B}.Release|Mixed Platforms.ActiveCfg = Release|Any CPU
		{66293663-3718-45F0-ABD6-5A0BC89D291B}.Release|Mixed Platforms.Build.0 = Release|Any CPU
		{0EB89A16-9850-472F-B3D7-D04491B87B9D}.Ad-Hoc|Any CPU.ActiveCfg = Debug|Any CPU
		{0EB89A16-9850-472F-B3D7-D04491B87B9D}.Ad-Hoc|Any CPU.Build.0 = Debug|Any CPU
		{0EB89A16-9850-472F-B3D7-D04491B87B9D}.Ad-Hoc|CI-Build.ActiveCfg = Release|Any CPU
		{0EB89A16-9850-472F-B3D7-D04491B87B9D}.Ad-Hoc|iPhone.ActiveCfg = Release|Any CPU
		{0EB89A16-9850-472F-B3D7-D04491B87B9D}.Ad-Hoc|iPhone.Build.0 = Release|Any CPU
		{0EB89A16-9850-472F-B3D7-D04491B87B9D}.Ad-Hoc|iPhoneSimulator.ActiveCfg = Release|Any CPU
		{0EB89A16-9850-472F-B3D7-D04491B87B9D}.Ad-Hoc|iPhoneSimulator.Build.0 = Release|Any CPU
		{0EB89A16-9850-472F-B3D7-D04491B87B9D}.Ad-Hoc|Mixed Platforms.ActiveCfg = Release|Any CPU
		{0EB89A16-9850-472F-B3D7-D04491B87B9D}.Ad-Hoc|Mixed Platforms.Build.0 = Release|Any CPU
		{0EB89A16-9850-472F-B3D7-D04491B87B9D}.AppStore|Any CPU.ActiveCfg = Debug|Any CPU
		{0EB89A16-9850-472F-B3D7-D04491B87B9D}.AppStore|Any CPU.Build.0 = Debug|Any CPU
		{0EB89A16-9850-472F-B3D7-D04491B87B9D}.AppStore|CI-Build.ActiveCfg = Release|Any CPU
		{0EB89A16-9850-472F-B3D7-D04491B87B9D}.AppStore|iPhone.ActiveCfg = Release|Any CPU
		{0EB89A16-9850-472F-B3D7-D04491B87B9D}.AppStore|iPhone.Build.0 = Release|Any CPU
		{0EB89A16-9850-472F-B3D7-D04491B87B9D}.AppStore|iPhoneSimulator.ActiveCfg = Release|Any CPU
		{0EB89A16-9850-472F-B3D7-D04491B87B9D}.AppStore|iPhoneSimulator.Build.0 = Release|Any CPU
		{0EB89A16-9850-472F-B3D7-D04491B87B9D}.AppStore|Mixed Platforms.ActiveCfg = Release|Any CPU
		{0EB89A16-9850-472F-B3D7-D04491B87B9D}.AppStore|Mixed Platforms.Build.0 = Release|Any CPU
		{0EB89A16-9850-472F-B3D7-D04491B87B9D}.Debug|Any CPU.ActiveCfg = Debug|Any CPU
		{0EB89A16-9850-472F-B3D7-D04491B87B9D}.Debug|Any CPU.Build.0 = Debug|Any CPU
		{0EB89A16-9850-472F-B3D7-D04491B87B9D}.Debug|CI-Build.ActiveCfg = Debug|Any CPU
		{0EB89A16-9850-472F-B3D7-D04491B87B9D}.Debug|iPhone.ActiveCfg = Debug|Any CPU
		{0EB89A16-9850-472F-B3D7-D04491B87B9D}.Debug|iPhone.Build.0 = Debug|Any CPU
		{0EB89A16-9850-472F-B3D7-D04491B87B9D}.Debug|iPhone.Deploy.0 = Debug|Any CPU
		{0EB89A16-9850-472F-B3D7-D04491B87B9D}.Debug|iPhoneSimulator.ActiveCfg = Debug|Any CPU
		{0EB89A16-9850-472F-B3D7-D04491B87B9D}.Debug|iPhoneSimulator.Build.0 = Debug|Any CPU
		{0EB89A16-9850-472F-B3D7-D04491B87B9D}.Debug|Mixed Platforms.ActiveCfg = Debug|Any CPU
		{0EB89A16-9850-472F-B3D7-D04491B87B9D}.Debug|Mixed Platforms.Build.0 = Debug|Any CPU
		{0EB89A16-9850-472F-B3D7-D04491B87B9D}.Release|Any CPU.ActiveCfg = Release|Any CPU
		{0EB89A16-9850-472F-B3D7-D04491B87B9D}.Release|Any CPU.Build.0 = Release|Any CPU
		{0EB89A16-9850-472F-B3D7-D04491B87B9D}.Release|CI-Build.ActiveCfg = Release|Any CPU
		{0EB89A16-9850-472F-B3D7-D04491B87B9D}.Release|iPhone.ActiveCfg = Release|Any CPU
		{0EB89A16-9850-472F-B3D7-D04491B87B9D}.Release|iPhone.Build.0 = Release|Any CPU
		{0EB89A16-9850-472F-B3D7-D04491B87B9D}.Release|iPhoneSimulator.ActiveCfg = Release|Any CPU
		{0EB89A16-9850-472F-B3D7-D04491B87B9D}.Release|iPhoneSimulator.Build.0 = Release|Any CPU
		{0EB89A16-9850-472F-B3D7-D04491B87B9D}.Release|Mixed Platforms.ActiveCfg = Release|Any CPU
		{0EB89A16-9850-472F-B3D7-D04491B87B9D}.Release|Mixed Platforms.Build.0 = Release|Any CPU
		{E1465544-5996-42AF-BFBA-6BE6C07F16E5}.Ad-Hoc|Any CPU.ActiveCfg = Ad-Hoc|iPhoneSimulator
		{E1465544-5996-42AF-BFBA-6BE6C07F16E5}.Ad-Hoc|CI-Build.ActiveCfg = Ad-Hoc|iPhone
		{E1465544-5996-42AF-BFBA-6BE6C07F16E5}.Ad-Hoc|CI-Build.Build.0 = Ad-Hoc|iPhone
		{E1465544-5996-42AF-BFBA-6BE6C07F16E5}.Ad-Hoc|iPhone.ActiveCfg = Ad-Hoc|iPhone
		{E1465544-5996-42AF-BFBA-6BE6C07F16E5}.Ad-Hoc|iPhone.Build.0 = Ad-Hoc|iPhone
		{E1465544-5996-42AF-BFBA-6BE6C07F16E5}.Ad-Hoc|iPhone.Deploy.0 = Ad-Hoc|iPhone
		{E1465544-5996-42AF-BFBA-6BE6C07F16E5}.Ad-Hoc|iPhoneSimulator.ActiveCfg = Ad-Hoc|iPhone
		{E1465544-5996-42AF-BFBA-6BE6C07F16E5}.Ad-Hoc|iPhoneSimulator.Build.0 = Ad-Hoc|iPhone
		{E1465544-5996-42AF-BFBA-6BE6C07F16E5}.Ad-Hoc|iPhoneSimulator.Deploy.0 = Ad-Hoc|iPhone
		{E1465544-5996-42AF-BFBA-6BE6C07F16E5}.Ad-Hoc|Mixed Platforms.ActiveCfg = Ad-Hoc|iPhone
		{E1465544-5996-42AF-BFBA-6BE6C07F16E5}.Ad-Hoc|Mixed Platforms.Build.0 = Ad-Hoc|iPhone
		{E1465544-5996-42AF-BFBA-6BE6C07F16E5}.Ad-Hoc|Mixed Platforms.Deploy.0 = Ad-Hoc|iPhone
		{E1465544-5996-42AF-BFBA-6BE6C07F16E5}.AppStore|Any CPU.ActiveCfg = AppStore|iPhoneSimulator
		{E1465544-5996-42AF-BFBA-6BE6C07F16E5}.AppStore|CI-Build.ActiveCfg = AppStore|iPhone
		{E1465544-5996-42AF-BFBA-6BE6C07F16E5}.AppStore|CI-Build.Build.0 = AppStore|iPhone
		{E1465544-5996-42AF-BFBA-6BE6C07F16E5}.AppStore|iPhone.ActiveCfg = AppStore|iPhone
		{E1465544-5996-42AF-BFBA-6BE6C07F16E5}.AppStore|iPhone.Build.0 = AppStore|iPhone
		{E1465544-5996-42AF-BFBA-6BE6C07F16E5}.AppStore|iPhoneSimulator.ActiveCfg = Ad-Hoc|iPhone
		{E1465544-5996-42AF-BFBA-6BE6C07F16E5}.AppStore|iPhoneSimulator.Build.0 = Ad-Hoc|iPhone
		{E1465544-5996-42AF-BFBA-6BE6C07F16E5}.AppStore|iPhoneSimulator.Deploy.0 = Ad-Hoc|iPhone
		{E1465544-5996-42AF-BFBA-6BE6C07F16E5}.AppStore|Mixed Platforms.ActiveCfg = AppStore|iPhone
		{E1465544-5996-42AF-BFBA-6BE6C07F16E5}.AppStore|Mixed Platforms.Build.0 = AppStore|iPhone
		{E1465544-5996-42AF-BFBA-6BE6C07F16E5}.AppStore|Mixed Platforms.Deploy.0 = AppStore|iPhone
		{E1465544-5996-42AF-BFBA-6BE6C07F16E5}.Debug|Any CPU.ActiveCfg = Debug|iPhoneSimulator
		{E1465544-5996-42AF-BFBA-6BE6C07F16E5}.Debug|Any CPU.Build.0 = Debug|iPhoneSimulator
		{E1465544-5996-42AF-BFBA-6BE6C07F16E5}.Debug|Any CPU.Deploy.0 = Debug|iPhoneSimulator
		{E1465544-5996-42AF-BFBA-6BE6C07F16E5}.Debug|CI-Build.ActiveCfg = Debug|iPhoneSimulator
		{E1465544-5996-42AF-BFBA-6BE6C07F16E5}.Debug|iPhone.ActiveCfg = Debug|iPhone
		{E1465544-5996-42AF-BFBA-6BE6C07F16E5}.Debug|iPhone.Build.0 = Debug|iPhone
		{E1465544-5996-42AF-BFBA-6BE6C07F16E5}.Debug|iPhone.Deploy.0 = Debug|iPhone
		{E1465544-5996-42AF-BFBA-6BE6C07F16E5}.Debug|iPhoneSimulator.ActiveCfg = Debug|iPhoneSimulator
		{E1465544-5996-42AF-BFBA-6BE6C07F16E5}.Debug|iPhoneSimulator.Build.0 = Debug|iPhoneSimulator
		{E1465544-5996-42AF-BFBA-6BE6C07F16E5}.Debug|iPhoneSimulator.Deploy.0 = Debug|iPhoneSimulator
		{E1465544-5996-42AF-BFBA-6BE6C07F16E5}.Debug|Mixed Platforms.ActiveCfg = Debug|iPhoneSimulator
		{E1465544-5996-42AF-BFBA-6BE6C07F16E5}.Debug|Mixed Platforms.Build.0 = Debug|iPhoneSimulator
		{E1465544-5996-42AF-BFBA-6BE6C07F16E5}.Debug|Mixed Platforms.Deploy.0 = Debug|iPhoneSimulator
		{E1465544-5996-42AF-BFBA-6BE6C07F16E5}.Release|Any CPU.ActiveCfg = Release|iPhone
		{E1465544-5996-42AF-BFBA-6BE6C07F16E5}.Release|CI-Build.ActiveCfg = Release|iPhone
		{E1465544-5996-42AF-BFBA-6BE6C07F16E5}.Release|iPhone.ActiveCfg = Release|iPhone
		{E1465544-5996-42AF-BFBA-6BE6C07F16E5}.Release|iPhone.Build.0 = Release|iPhone
		{E1465544-5996-42AF-BFBA-6BE6C07F16E5}.Release|iPhone.Deploy.0 = Release|iPhone
		{E1465544-5996-42AF-BFBA-6BE6C07F16E5}.Release|iPhoneSimulator.ActiveCfg = Release|iPhoneSimulator
		{E1465544-5996-42AF-BFBA-6BE6C07F16E5}.Release|iPhoneSimulator.Build.0 = Release|iPhoneSimulator
		{E1465544-5996-42AF-BFBA-6BE6C07F16E5}.Release|iPhoneSimulator.Deploy.0 = Release|iPhoneSimulator
		{E1465544-5996-42AF-BFBA-6BE6C07F16E5}.Release|Mixed Platforms.ActiveCfg = Release|iPhone
		{E1465544-5996-42AF-BFBA-6BE6C07F16E5}.Release|Mixed Platforms.Build.0 = Release|iPhone
		{E1465544-5996-42AF-BFBA-6BE6C07F16E5}.Release|Mixed Platforms.Deploy.0 = Release|iPhone
		{F54FDBAB-15AB-443C-9C86-998CCB96B98D}.Ad-Hoc|Any CPU.ActiveCfg = Debug|Any CPU
		{F54FDBAB-15AB-443C-9C86-998CCB96B98D}.Ad-Hoc|Any CPU.Build.0 = Debug|Any CPU
		{F54FDBAB-15AB-443C-9C86-998CCB96B98D}.Ad-Hoc|CI-Build.ActiveCfg = Release|Any CPU
		{F54FDBAB-15AB-443C-9C86-998CCB96B98D}.Ad-Hoc|CI-Build.Build.0 = Release|Any CPU
		{F54FDBAB-15AB-443C-9C86-998CCB96B98D}.Ad-Hoc|iPhone.ActiveCfg = Release|Any CPU
		{F54FDBAB-15AB-443C-9C86-998CCB96B98D}.Ad-Hoc|iPhone.Build.0 = Release|Any CPU
		{F54FDBAB-15AB-443C-9C86-998CCB96B98D}.Ad-Hoc|iPhoneSimulator.ActiveCfg = Release|Any CPU
		{F54FDBAB-15AB-443C-9C86-998CCB96B98D}.Ad-Hoc|iPhoneSimulator.Build.0 = Release|Any CPU
		{F54FDBAB-15AB-443C-9C86-998CCB96B98D}.Ad-Hoc|Mixed Platforms.ActiveCfg = Release|Any CPU
		{F54FDBAB-15AB-443C-9C86-998CCB96B98D}.Ad-Hoc|Mixed Platforms.Build.0 = Release|Any CPU
		{F54FDBAB-15AB-443C-9C86-998CCB96B98D}.AppStore|Any CPU.ActiveCfg = Debug|Any CPU
		{F54FDBAB-15AB-443C-9C86-998CCB96B98D}.AppStore|Any CPU.Build.0 = Debug|Any CPU
		{F54FDBAB-15AB-443C-9C86-998CCB96B98D}.AppStore|CI-Build.ActiveCfg = Release|Any CPU
		{F54FDBAB-15AB-443C-9C86-998CCB96B98D}.AppStore|CI-Build.Build.0 = Release|Any CPU
		{F54FDBAB-15AB-443C-9C86-998CCB96B98D}.AppStore|iPhone.ActiveCfg = Release|Any CPU
		{F54FDBAB-15AB-443C-9C86-998CCB96B98D}.AppStore|iPhone.Build.0 = Release|Any CPU
		{F54FDBAB-15AB-443C-9C86-998CCB96B98D}.AppStore|iPhoneSimulator.ActiveCfg = Release|Any CPU
		{F54FDBAB-15AB-443C-9C86-998CCB96B98D}.AppStore|iPhoneSimulator.Build.0 = Release|Any CPU
		{F54FDBAB-15AB-443C-9C86-998CCB96B98D}.AppStore|Mixed Platforms.ActiveCfg = Release|Any CPU
		{F54FDBAB-15AB-443C-9C86-998CCB96B98D}.AppStore|Mixed Platforms.Build.0 = Release|Any CPU
		{F54FDBAB-15AB-443C-9C86-998CCB96B98D}.Debug|Any CPU.ActiveCfg = Debug|Any CPU
		{F54FDBAB-15AB-443C-9C86-998CCB96B98D}.Debug|Any CPU.Build.0 = Debug|Any CPU
		{F54FDBAB-15AB-443C-9C86-998CCB96B98D}.Debug|CI-Build.ActiveCfg = Debug|Any CPU
		{F54FDBAB-15AB-443C-9C86-998CCB96B98D}.Debug|CI-Build.Build.0 = Debug|Any CPU
		{F54FDBAB-15AB-443C-9C86-998CCB96B98D}.Debug|iPhone.ActiveCfg = Debug|Any CPU
		{F54FDBAB-15AB-443C-9C86-998CCB96B98D}.Debug|iPhone.Build.0 = Debug|Any CPU
		{F54FDBAB-15AB-443C-9C86-998CCB96B98D}.Debug|iPhoneSimulator.ActiveCfg = Debug|Any CPU
		{F54FDBAB-15AB-443C-9C86-998CCB96B98D}.Debug|iPhoneSimulator.Build.0 = Debug|Any CPU
		{F54FDBAB-15AB-443C-9C86-998CCB96B98D}.Debug|Mixed Platforms.ActiveCfg = Debug|Any CPU
		{F54FDBAB-15AB-443C-9C86-998CCB96B98D}.Debug|Mixed Platforms.Build.0 = Debug|Any CPU
		{F54FDBAB-15AB-443C-9C86-998CCB96B98D}.Release|Any CPU.ActiveCfg = Release|Any CPU
		{F54FDBAB-15AB-443C-9C86-998CCB96B98D}.Release|Any CPU.Build.0 = Release|Any CPU
		{F54FDBAB-15AB-443C-9C86-998CCB96B98D}.Release|CI-Build.ActiveCfg = Release|Any CPU
		{F54FDBAB-15AB-443C-9C86-998CCB96B98D}.Release|CI-Build.Build.0 = Release|Any CPU
		{F54FDBAB-15AB-443C-9C86-998CCB96B98D}.Release|iPhone.ActiveCfg = Release|Any CPU
		{F54FDBAB-15AB-443C-9C86-998CCB96B98D}.Release|iPhone.Build.0 = Release|Any CPU
		{F54FDBAB-15AB-443C-9C86-998CCB96B98D}.Release|iPhoneSimulator.ActiveCfg = Release|Any CPU
		{F54FDBAB-15AB-443C-9C86-998CCB96B98D}.Release|iPhoneSimulator.Build.0 = Release|Any CPU
		{F54FDBAB-15AB-443C-9C86-998CCB96B98D}.Release|Mixed Platforms.ActiveCfg = Release|Any CPU
		{F54FDBAB-15AB-443C-9C86-998CCB96B98D}.Release|Mixed Platforms.Build.0 = Release|Any CPU
		{7D8BFC09-8DEE-4AAD-A88F-F0CC006823AC}.Ad-Hoc|Any CPU.ActiveCfg = Release|Any CPU
		{7D8BFC09-8DEE-4AAD-A88F-F0CC006823AC}.Ad-Hoc|Any CPU.Build.0 = Release|Any CPU
		{7D8BFC09-8DEE-4AAD-A88F-F0CC006823AC}.Ad-Hoc|CI-Build.ActiveCfg = Release|Any CPU
		{7D8BFC09-8DEE-4AAD-A88F-F0CC006823AC}.Ad-Hoc|iPhone.ActiveCfg = Release|Any CPU
		{7D8BFC09-8DEE-4AAD-A88F-F0CC006823AC}.Ad-Hoc|iPhoneSimulator.ActiveCfg = Release|Any CPU
		{7D8BFC09-8DEE-4AAD-A88F-F0CC006823AC}.Ad-Hoc|Mixed Platforms.ActiveCfg = Release|Any CPU
		{7D8BFC09-8DEE-4AAD-A88F-F0CC006823AC}.Ad-Hoc|Mixed Platforms.Build.0 = Release|Any CPU
		{7D8BFC09-8DEE-4AAD-A88F-F0CC006823AC}.AppStore|Any CPU.ActiveCfg = Release|Any CPU
		{7D8BFC09-8DEE-4AAD-A88F-F0CC006823AC}.AppStore|Any CPU.Build.0 = Release|Any CPU
		{7D8BFC09-8DEE-4AAD-A88F-F0CC006823AC}.AppStore|CI-Build.ActiveCfg = Release|Any CPU
		{7D8BFC09-8DEE-4AAD-A88F-F0CC006823AC}.AppStore|iPhone.ActiveCfg = Release|Any CPU
		{7D8BFC09-8DEE-4AAD-A88F-F0CC006823AC}.AppStore|iPhoneSimulator.ActiveCfg = Release|Any CPU
		{7D8BFC09-8DEE-4AAD-A88F-F0CC006823AC}.AppStore|Mixed Platforms.ActiveCfg = Release|Any CPU
		{7D8BFC09-8DEE-4AAD-A88F-F0CC006823AC}.AppStore|Mixed Platforms.Build.0 = Release|Any CPU
		{7D8BFC09-8DEE-4AAD-A88F-F0CC006823AC}.Debug|Any CPU.ActiveCfg = Debug|Any CPU
		{7D8BFC09-8DEE-4AAD-A88F-F0CC006823AC}.Debug|Any CPU.Build.0 = Debug|Any CPU
		{7D8BFC09-8DEE-4AAD-A88F-F0CC006823AC}.Debug|CI-Build.ActiveCfg = Debug|Any CPU
		{7D8BFC09-8DEE-4AAD-A88F-F0CC006823AC}.Debug|CI-Build.Build.0 = Debug|Any CPU
		{7D8BFC09-8DEE-4AAD-A88F-F0CC006823AC}.Debug|iPhone.ActiveCfg = Debug|Any CPU
		{7D8BFC09-8DEE-4AAD-A88F-F0CC006823AC}.Debug|iPhone.Build.0 = Debug|Any CPU
		{7D8BFC09-8DEE-4AAD-A88F-F0CC006823AC}.Debug|iPhoneSimulator.ActiveCfg = Debug|Any CPU
		{7D8BFC09-8DEE-4AAD-A88F-F0CC006823AC}.Debug|iPhoneSimulator.Build.0 = Debug|Any CPU
		{7D8BFC09-8DEE-4AAD-A88F-F0CC006823AC}.Debug|Mixed Platforms.ActiveCfg = Debug|Any CPU
		{7D8BFC09-8DEE-4AAD-A88F-F0CC006823AC}.Debug|Mixed Platforms.Build.0 = Debug|Any CPU
		{7D8BFC09-8DEE-4AAD-A88F-F0CC006823AC}.Release|Any CPU.ActiveCfg = Release|Any CPU
		{7D8BFC09-8DEE-4AAD-A88F-F0CC006823AC}.Release|Any CPU.Build.0 = Release|Any CPU
		{7D8BFC09-8DEE-4AAD-A88F-F0CC006823AC}.Release|CI-Build.ActiveCfg = Release|Any CPU
		{7D8BFC09-8DEE-4AAD-A88F-F0CC006823AC}.Release|CI-Build.Build.0 = Release|Any CPU
		{7D8BFC09-8DEE-4AAD-A88F-F0CC006823AC}.Release|iPhone.ActiveCfg = Release|Any CPU
		{7D8BFC09-8DEE-4AAD-A88F-F0CC006823AC}.Release|iPhone.Build.0 = Release|Any CPU
		{7D8BFC09-8DEE-4AAD-A88F-F0CC006823AC}.Release|iPhoneSimulator.ActiveCfg = Release|Any CPU
		{7D8BFC09-8DEE-4AAD-A88F-F0CC006823AC}.Release|iPhoneSimulator.Build.0 = Release|Any CPU
		{7D8BFC09-8DEE-4AAD-A88F-F0CC006823AC}.Release|Mixed Platforms.ActiveCfg = Release|Any CPU
		{7D8BFC09-8DEE-4AAD-A88F-F0CC006823AC}.Release|Mixed Platforms.Build.0 = Release|Any CPU
		{7BA35695-77B9-4237-AE28-396B0E5DDF7F}.Ad-Hoc|Any CPU.ActiveCfg = Release|Any CPU
		{7BA35695-77B9-4237-AE28-396B0E5DDF7F}.Ad-Hoc|Any CPU.Build.0 = Release|Any CPU
		{7BA35695-77B9-4237-AE28-396B0E5DDF7F}.Ad-Hoc|CI-Build.ActiveCfg = Release|Any CPU
		{7BA35695-77B9-4237-AE28-396B0E5DDF7F}.Ad-Hoc|iPhone.ActiveCfg = Release|Any CPU
		{7BA35695-77B9-4237-AE28-396B0E5DDF7F}.Ad-Hoc|iPhoneSimulator.ActiveCfg = Release|Any CPU
		{7BA35695-77B9-4237-AE28-396B0E5DDF7F}.Ad-Hoc|Mixed Platforms.ActiveCfg = Release|Any CPU
		{7BA35695-77B9-4237-AE28-396B0E5DDF7F}.Ad-Hoc|Mixed Platforms.Build.0 = Release|Any CPU
		{7BA35695-77B9-4237-AE28-396B0E5DDF7F}.AppStore|Any CPU.ActiveCfg = Release|Any CPU
		{7BA35695-77B9-4237-AE28-396B0E5DDF7F}.AppStore|Any CPU.Build.0 = Release|Any CPU
		{7BA35695-77B9-4237-AE28-396B0E5DDF7F}.AppStore|CI-Build.ActiveCfg = Release|Any CPU
		{7BA35695-77B9-4237-AE28-396B0E5DDF7F}.AppStore|iPhone.ActiveCfg = Release|Any CPU
		{7BA35695-77B9-4237-AE28-396B0E5DDF7F}.AppStore|iPhoneSimulator.ActiveCfg = Release|Any CPU
		{7BA35695-77B9-4237-AE28-396B0E5DDF7F}.AppStore|Mixed Platforms.ActiveCfg = Release|Any CPU
		{7BA35695-77B9-4237-AE28-396B0E5DDF7F}.AppStore|Mixed Platforms.Build.0 = Release|Any CPU
		{7BA35695-77B9-4237-AE28-396B0E5DDF7F}.Debug|Any CPU.ActiveCfg = Debug|Any CPU
		{7BA35695-77B9-4237-AE28-396B0E5DDF7F}.Debug|Any CPU.Build.0 = Debug|Any CPU
		{7BA35695-77B9-4237-AE28-396B0E5DDF7F}.Debug|CI-Build.ActiveCfg = Debug|Any CPU
		{7BA35695-77B9-4237-AE28-396B0E5DDF7F}.Debug|iPhone.ActiveCfg = Debug|Any CPU
		{7BA35695-77B9-4237-AE28-396B0E5DDF7F}.Debug|iPhone.Build.0 = Debug|Any CPU
		{7BA35695-77B9-4237-AE28-396B0E5DDF7F}.Debug|iPhoneSimulator.ActiveCfg = Debug|Any CPU
		{7BA35695-77B9-4237-AE28-396B0E5DDF7F}.Debug|Mixed Platforms.ActiveCfg = Debug|Any CPU
		{7BA35695-77B9-4237-AE28-396B0E5DDF7F}.Debug|Mixed Platforms.Build.0 = Debug|Any CPU
		{7BA35695-77B9-4237-AE28-396B0E5DDF7F}.Release|Any CPU.ActiveCfg = Release|Any CPU
		{7BA35695-77B9-4237-AE28-396B0E5DDF7F}.Release|Any CPU.Build.0 = Release|Any CPU
		{7BA35695-77B9-4237-AE28-396B0E5DDF7F}.Release|CI-Build.ActiveCfg = Release|Any CPU
		{7BA35695-77B9-4237-AE28-396B0E5DDF7F}.Release|iPhone.ActiveCfg = Release|Any CPU
		{7BA35695-77B9-4237-AE28-396B0E5DDF7F}.Release|iPhone.Build.0 = Release|Any CPU
		{7BA35695-77B9-4237-AE28-396B0E5DDF7F}.Release|iPhoneSimulator.ActiveCfg = Release|Any CPU
		{7BA35695-77B9-4237-AE28-396B0E5DDF7F}.Release|iPhoneSimulator.Build.0 = Release|Any CPU
		{7BA35695-77B9-4237-AE28-396B0E5DDF7F}.Release|Mixed Platforms.ActiveCfg = Release|Any CPU
		{7BA35695-77B9-4237-AE28-396B0E5DDF7F}.Release|Mixed Platforms.Build.0 = Release|Any CPU
		{ABE22D63-B716-4C58-9A59-5915F47968D4}.Ad-Hoc|Any CPU.ActiveCfg = Release|Any CPU
		{ABE22D63-B716-4C58-9A59-5915F47968D4}.Ad-Hoc|Any CPU.Build.0 = Release|Any CPU
		{ABE22D63-B716-4C58-9A59-5915F47968D4}.Ad-Hoc|CI-Build.ActiveCfg = Release|Any CPU
		{ABE22D63-B716-4C58-9A59-5915F47968D4}.Ad-Hoc|iPhone.ActiveCfg = Release|Any CPU
		{ABE22D63-B716-4C58-9A59-5915F47968D4}.Ad-Hoc|iPhoneSimulator.ActiveCfg = Release|Any CPU
		{ABE22D63-B716-4C58-9A59-5915F47968D4}.Ad-Hoc|Mixed Platforms.ActiveCfg = Release|Any CPU
		{ABE22D63-B716-4C58-9A59-5915F47968D4}.Ad-Hoc|Mixed Platforms.Build.0 = Release|Any CPU
		{ABE22D63-B716-4C58-9A59-5915F47968D4}.AppStore|Any CPU.ActiveCfg = Release|Any CPU
		{ABE22D63-B716-4C58-9A59-5915F47968D4}.AppStore|Any CPU.Build.0 = Release|Any CPU
		{ABE22D63-B716-4C58-9A59-5915F47968D4}.AppStore|CI-Build.ActiveCfg = Release|Any CPU
		{ABE22D63-B716-4C58-9A59-5915F47968D4}.AppStore|iPhone.ActiveCfg = Release|Any CPU
		{ABE22D63-B716-4C58-9A59-5915F47968D4}.AppStore|iPhoneSimulator.ActiveCfg = Release|Any CPU
		{ABE22D63-B716-4C58-9A59-5915F47968D4}.AppStore|Mixed Platforms.ActiveCfg = Release|Any CPU
		{ABE22D63-B716-4C58-9A59-5915F47968D4}.AppStore|Mixed Platforms.Build.0 = Release|Any CPU
		{ABE22D63-B716-4C58-9A59-5915F47968D4}.Debug|Any CPU.ActiveCfg = Debug|Any CPU
		{ABE22D63-B716-4C58-9A59-5915F47968D4}.Debug|Any CPU.Build.0 = Debug|Any CPU
		{ABE22D63-B716-4C58-9A59-5915F47968D4}.Debug|CI-Build.ActiveCfg = Debug|Any CPU
		{ABE22D63-B716-4C58-9A59-5915F47968D4}.Debug|iPhone.ActiveCfg = Debug|Any CPU
		{ABE22D63-B716-4C58-9A59-5915F47968D4}.Debug|iPhone.Build.0 = Debug|Any CPU
		{ABE22D63-B716-4C58-9A59-5915F47968D4}.Debug|iPhoneSimulator.ActiveCfg = Debug|Any CPU
		{ABE22D63-B716-4C58-9A59-5915F47968D4}.Debug|Mixed Platforms.ActiveCfg = Debug|Any CPU
		{ABE22D63-B716-4C58-9A59-5915F47968D4}.Debug|Mixed Platforms.Build.0 = Debug|Any CPU
		{ABE22D63-B716-4C58-9A59-5915F47968D4}.Release|Any CPU.ActiveCfg = Release|Any CPU
		{ABE22D63-B716-4C58-9A59-5915F47968D4}.Release|Any CPU.Build.0 = Release|Any CPU
		{ABE22D63-B716-4C58-9A59-5915F47968D4}.Release|CI-Build.ActiveCfg = Release|Any CPU
		{ABE22D63-B716-4C58-9A59-5915F47968D4}.Release|iPhone.ActiveCfg = Release|Any CPU
		{ABE22D63-B716-4C58-9A59-5915F47968D4}.Release|iPhone.Build.0 = Release|Any CPU
		{ABE22D63-B716-4C58-9A59-5915F47968D4}.Release|iPhoneSimulator.ActiveCfg = Release|Any CPU
		{ABE22D63-B716-4C58-9A59-5915F47968D4}.Release|iPhoneSimulator.Build.0 = Release|Any CPU
		{ABE22D63-B716-4C58-9A59-5915F47968D4}.Release|Mixed Platforms.ActiveCfg = Release|Any CPU
		{ABE22D63-B716-4C58-9A59-5915F47968D4}.Release|Mixed Platforms.Build.0 = Release|Any CPU
	EndGlobalSection
	GlobalSection(SolutionProperties) = preSolution
		HideSolutionNode = FALSE
	EndGlobalSection
	GlobalSection(NestedProjects) = preSolution
		{ADF61E2D-F6C7-4CE0-8F67-3EC793D3ECDA} = {DD74F1E2-E362-4384-A57C-C95F40ABFBA4}
		{55F2675C-5721-40DC-A736-DC2DBB6DE5D6} = {DD74F1E2-E362-4384-A57C-C95F40ABFBA4}
		{D5B2991A-A702-4E11-A253-7C6E64FF343C} = {725320F7-FC58-42E4-B79A-922F3FCDF922}
		{C6ACD8AE-C56D-4D5F-B510-350AEA4CE5F7} = {E4C393A1-451F-407B-BB24-D120DA55AD11}
		{09AE6F66-4E28-40B6-AA1D-80C77DB57C2D} = {F630072A-3380-4D90-B221-3A47496597E8}
		{FBA2C529-B3DF-43C8-9DD1-7E87CF29B589} = {725320F7-FC58-42E4-B79A-922F3FCDF922}
		{66293663-3718-45F0-ABD6-5A0BC89D291B} = {725320F7-FC58-42E4-B79A-922F3FCDF922}
		{0EB89A16-9850-472F-B3D7-D04491B87B9D} = {F630072A-3380-4D90-B221-3A47496597E8}
		{E1465544-5996-42AF-BFBA-6BE6C07F16E5} = {F630072A-3380-4D90-B221-3A47496597E8}
		{7D8BFC09-8DEE-4AAD-A88F-F0CC006823AC} = {3695C4D8-7CD4-4B67-A442-51FD036D2B78}
		{6937C9B1-B3CA-4AB0-B0BA-3AD718F9B5AA} = {F630072A-3380-4D90-B221-3A47496597E8}
		{7BA35695-77B9-4237-AE28-396B0E5DDF7F} = {6937C9B1-B3CA-4AB0-B0BA-3AD718F9B5AA}
		{ABE22D63-B716-4C58-9A59-5915F47968D4} = {6937C9B1-B3CA-4AB0-B0BA-3AD718F9B5AA}
		{F630072A-3380-4D90-B221-3A47496597E8} = {E4C393A1-451F-407B-BB24-D120DA55AD11}
		{725320F7-FC58-42E4-B79A-922F3FCDF922} = {E4C393A1-451F-407B-BB24-D120DA55AD11}
	EndGlobalSection
EndGlobal
